Microsoft Visual Studio Solution File, Format Version 12.00
# Visual Studio Version 17
VisualStudioVersion = 17.0.31903.59
MinimumVisualStudioVersion = 10.0.40219.1
Project("{2150E333-8FDC-42A3-9474-1A3956D46DE8}") = "src", "src", "{E62E181F-C6A0-45FD-A219-CFE0A8A33B06}"
EndProject
Project("{FAE04EC0-301F-11D3-BF4B-00C04F79EFBC}") = "A01", "src\A2024\A01\A01.csproj", "{9F1632EF-6920-481E-B12C-B41F42361C5C}"
EndProject
Project("{FAE04EC0-301F-11D3-BF4B-00C04F79EFBC}") = "A03", "src\A2024\A03\A03.csproj", "{31569E30-2285-4745-8D95-217C2AD508AC}"
EndProject
Project("{FAE04EC0-301F-11D3-BF4B-00C04F79EFBC}") = "A04", "src\A2024\A04\A04.csproj", "{D7D201D1-8DC3-48F7-8B02-EAA24776BADA}"
EndProject
Project("{FAE04EC0-301F-11D3-BF4B-00C04F79EFBC}") = "A05", "src\A2024\A05\A05.csproj", "{41D64B2C-63E6-4E50-BE09-773C1CE2A279}"
EndProject
Project("{FAE04EC0-301F-11D3-BF4B-00C04F79EFBC}") = "A08", "src\A2024\A08\A08.csproj", "{3CE89BDD-6CDA-4D45-959E-33AEA4DADC3C}"
EndProject
Project("{FAE04EC0-301F-11D3-BF4B-00C04F79EFBC}") = "A06", "src\A2024\A06\A06.csproj", "{CECC6A39-D05F-46CF-84F3-A5BE64A18415}"
EndProject
Project("{FAE04EC0-301F-11D3-BF4B-00C04F79EFBC}") = "A07", "src\A2024\A07\A07.csproj", "{28339704-F473-401B-B14E-7B26994FACA6}"
EndProject
Project("{FAE04EC0-301F-11D3-BF4B-00C04F79EFBC}") = "Common", "src\Common\Common.csproj", "{72C6B6AC-9B77-4258-ABF7-CA2C8D6C119B}"
EndProject
Project("{2150E333-8FDC-42A3-9474-1A3956D46DE8}") = "test", "test", "{8EC8ACC7-C3F6-4AD3-ABBD-5346B2CE6FD0}"
EndProject
Project("{FAE04EC0-301F-11D3-BF4B-00C04F79EFBC}") = "A08.Test", "test\A2024\A08.Test\A08.Test.csproj", "{BF372FED-DDBF-448D-AC12-F6D5A0BBA9EF}"
EndProject
Project("{FAE04EC0-301F-11D3-BF4B-00C04F79EFBC}") = "A09", "src\A2024\A09\A09.csproj", "{81747D78-5DF8-4F32-B9DB-F80136C18B71}"
EndProject
Project("{FAE04EC0-301F-11D3-BF4B-00C04F79EFBC}") = "A10", "src\A2024\A10\A10.csproj", "{8992EBC0-C39D-4DF9-AA48-3ADC345EAA1A}"
EndProject
Project("{FAE04EC0-301F-11D3-BF4B-00C04F79EFBC}") = "A10.Test", "test\A2024\A10.Test\A10.Test.csproj", "{6A474261-0D66-41BA-B5A8-9C32BAB178E6}"
EndProject
Project("{FAE04EC0-301F-11D3-BF4B-00C04F79EFBC}") = "A11", "src\A2024\A11\A11.csproj", "{B14C1F55-03F5-4F5E-93AF-692DFB212BBD}"
EndProject
Project("{FAE04EC0-301F-11D3-BF4B-00C04F79EFBC}") = "A11.Test", "test\A2024\A11.Test\A11.Test.csproj", "{9DC6D1A2-ABDB-4527-93E2-2CB5E4AC203A}"
EndProject
Project("{FAE04EC0-301F-11D3-BF4B-00C04F79EFBC}") = "A12", "src\A2024\A12\A12.csproj", "{D0477EFA-E9F4-4476-AFB6-75B83360BF6B}"
EndProject
Project("{FAE04EC0-301F-11D3-BF4B-00C04F79EFBC}") = "A12.Test", "test\A2024\A12.Test\A12.Test.csproj", "{6B7E8EEF-D204-4670-87EC-CD99CF86E89A}"
EndProject
Project("{FAE04EC0-301F-11D3-BF4B-00C04F79EFBC}") = "A13", "src\A2024\A13\A13.csproj", "{49963D5E-E7D1-474E-A00C-4F4F4A1EAE16}"
EndProject
Project("{FAE04EC0-301F-11D3-BF4B-00C04F79EFBC}") = "A14", "src\A2024\A14\A14.csproj", "{FF52E5DD-E78D-4052-B1FF-B15F0A4C584B}"
EndProject
Project("{FAE04EC0-301F-11D3-BF4B-00C04F79EFBC}") = "A15", "src\A2024\A15\A15.csproj", "{C2A90AAD-EEF9-4B16-8567-5EDF956F83E3}"
EndProject
Project("{FAE04EC0-301F-11D3-BF4B-00C04F79EFBC}") = "A15.Test", "test\A2024\A15.Test\A15.Test.csproj", "{90054161-DCD1-49D4-82E5-94EAD1C0E8F3}"
EndProject
Project("{FAE04EC0-301F-11D3-BF4B-00C04F79EFBC}") = "A16", "src\A2024\A16\A16.csproj", "{76A39795-A19E-473F-AEE8-599759397625}"
EndProject
Project("{FAE04EC0-301F-11D3-BF4B-00C04F79EFBC}") = "A16.Test", "test\A2024\A16.Test\A16.Test.csproj", "{F7160E62-C74E-47EA-BED3-06F2523362FC}"
EndProject
Project("{FAE04EC0-301F-11D3-BF4B-00C04F79EFBC}") = "A17", "src\A2024\A17\A17.csproj", "{0A473D0C-3328-42A0-9187-CC5DD1140E7D}"
EndProject
Project("{FAE04EC0-301F-11D3-BF4B-00C04F79EFBC}") = "A17.Test", "test\A2024\A17.Test\A17.Test.csproj", "{9865E9B8-C73A-45C5-A949-CA1600118F32}"
EndProject
Project("{FAE04EC0-301F-11D3-BF4B-00C04F79EFBC}") = "A18", "src\A2024\A18\A18.csproj", "{3E3ADB19-B6D3-4D6B-83BB-9AA47CC598D5}"
EndProject
Project("{FAE04EC0-301F-11D3-BF4B-00C04F79EFBC}") = "A19", "src\A2024\A19\A19.csproj", "{EB595794-F2DB-4647-AB63-7ADA3455BD9A}"
EndProject
Project("{FAE04EC0-301F-11D3-BF4B-00C04F79EFBC}") = "A19.Test", "test\A2024\A19.Test\A19.Test.csproj", "{4B601965-44DC-424F-8CD6-D90982A33A19}"
EndProject
Project("{FAE04EC0-301F-11D3-BF4B-00C04F79EFBC}") = "A20", "src\A2024\A20\A20.csproj", "{D9B5C8BA-F2F5-471B-9F1D-14E3D77913C3}"
EndProject
Project("{FAE04EC0-301F-11D3-BF4B-00C04F79EFBC}") = "A21", "src\A2024\A21\A21.csproj", "{98E62E53-C138-46B1-BF0E-1B98402DACF5}"
EndProject
Project("{FAE04EC0-301F-11D3-BF4B-00C04F79EFBC}") = "A21.Test", "test\A2024\A21.Test\A21.Test.csproj", "{B1E2D554-F3A9-4309-9DED-74EAC5D867AE}"
EndProject
Project("{FAE04EC0-301F-11D3-BF4B-00C04F79EFBC}") = "A23", "src\A2024\A23\A23.csproj", "{35DE19DC-4F97-4DA5-B738-FEA2F137441F}"
EndProject
Project("{FAE04EC0-301F-11D3-BF4B-00C04F79EFBC}") = "A24", "src\A2024\A24\A24.csproj", "{BB9DDE0E-4F39-4C10-93FF-D61C9CCD1361}"
EndProject
Project("{FAE04EC0-301F-11D3-BF4B-00C04F79EFBC}") = "A22", "src\A2024\A22\A22.csproj", "{8558FDCE-0ABC-4604-B116-FB963B97D4D4}"
EndProject
Project("{FAE04EC0-301F-11D3-BF4B-00C04F79EFBC}") = "A25", "src\A2024\A25\A25.csproj", "{3893D924-99D1-4A57-8B85-62E9F03ACB30}"
EndProject
Project("{2150E333-8FDC-42A3-9474-1A3956D46DE8}") = "A2024", "A2024", "{C8BA1076-102D-4EAB-AEAC-AFD9AB4A69BD}"
EndProject
Project("{2150E333-8FDC-42A3-9474-1A3956D46DE8}") = "A2024", "A2024", "{A241038F-0A94-4E2E-9AD9-B168C3B251A0}"
EndProject
Project("{2150E333-8FDC-42A3-9474-1A3956D46DE8}") = "A2015", "A2015", "{509886DE-C411-4B94-A7FD-FB467F523098}"
EndProject
Project("{FAE04EC0-301F-11D3-BF4B-00C04F79EFBC}") = "A2015_A01", "src\A2015\A2015_A01\A2015_A01.csproj", "{5E254D0E-A3E5-4793-93A1-CB8D7A04EF8A}"
EndProject
Project("{FAE04EC0-301F-11D3-BF4B-00C04F79EFBC}") = "A2015_A02", "src\A2015\A2015_A02\A2015_A02.csproj", "{3177E9D2-1BB8-478A-A101-2382E10BE210}"
EndProject
Global
	GlobalSection(SolutionConfigurationPlatforms) = preSolution
		Debug|Any CPU = Debug|Any CPU
		Release|Any CPU = Release|Any CPU
	EndGlobalSection
	GlobalSection(SolutionProperties) = preSolution
		HideSolutionNode = FALSE
	EndGlobalSection
	GlobalSection(ProjectConfigurationPlatforms) = postSolution
		{9F1632EF-6920-481E-B12C-B41F42361C5C}.Debug|Any CPU.ActiveCfg = Debug|Any CPU
		{9F1632EF-6920-481E-B12C-B41F42361C5C}.Debug|Any CPU.Build.0 = Debug|Any CPU
		{9F1632EF-6920-481E-B12C-B41F42361C5C}.Release|Any CPU.ActiveCfg = Release|Any CPU
		{9F1632EF-6920-481E-B12C-B41F42361C5C}.Release|Any CPU.Build.0 = Release|Any CPU
		{31569E30-2285-4745-8D95-217C2AD508AC}.Debug|Any CPU.ActiveCfg = Debug|Any CPU
		{31569E30-2285-4745-8D95-217C2AD508AC}.Debug|Any CPU.Build.0 = Debug|Any CPU
		{31569E30-2285-4745-8D95-217C2AD508AC}.Release|Any CPU.ActiveCfg = Release|Any CPU
		{31569E30-2285-4745-8D95-217C2AD508AC}.Release|Any CPU.Build.0 = Release|Any CPU
		{D7D201D1-8DC3-48F7-8B02-EAA24776BADA}.Debug|Any CPU.ActiveCfg = Debug|Any CPU
		{D7D201D1-8DC3-48F7-8B02-EAA24776BADA}.Debug|Any CPU.Build.0 = Debug|Any CPU
		{D7D201D1-8DC3-48F7-8B02-EAA24776BADA}.Release|Any CPU.ActiveCfg = Release|Any CPU
		{D7D201D1-8DC3-48F7-8B02-EAA24776BADA}.Release|Any CPU.Build.0 = Release|Any CPU
		{41D64B2C-63E6-4E50-BE09-773C1CE2A279}.Debug|Any CPU.ActiveCfg = Debug|Any CPU
		{41D64B2C-63E6-4E50-BE09-773C1CE2A279}.Debug|Any CPU.Build.0 = Debug|Any CPU
		{41D64B2C-63E6-4E50-BE09-773C1CE2A279}.Release|Any CPU.ActiveCfg = Release|Any CPU
		{41D64B2C-63E6-4E50-BE09-773C1CE2A279}.Release|Any CPU.Build.0 = Release|Any CPU
		{3CE89BDD-6CDA-4D45-959E-33AEA4DADC3C}.Debug|Any CPU.ActiveCfg = Debug|Any CPU
		{3CE89BDD-6CDA-4D45-959E-33AEA4DADC3C}.Debug|Any CPU.Build.0 = Debug|Any CPU
		{3CE89BDD-6CDA-4D45-959E-33AEA4DADC3C}.Release|Any CPU.ActiveCfg = Release|Any CPU
		{3CE89BDD-6CDA-4D45-959E-33AEA4DADC3C}.Release|Any CPU.Build.0 = Release|Any CPU
		{CECC6A39-D05F-46CF-84F3-A5BE64A18415}.Debug|Any CPU.ActiveCfg = Debug|Any CPU
		{CECC6A39-D05F-46CF-84F3-A5BE64A18415}.Debug|Any CPU.Build.0 = Debug|Any CPU
		{CECC6A39-D05F-46CF-84F3-A5BE64A18415}.Release|Any CPU.ActiveCfg = Release|Any CPU
		{CECC6A39-D05F-46CF-84F3-A5BE64A18415}.Release|Any CPU.Build.0 = Release|Any CPU
		{28339704-F473-401B-B14E-7B26994FACA6}.Debug|Any CPU.ActiveCfg = Debug|Any CPU
		{28339704-F473-401B-B14E-7B26994FACA6}.Debug|Any CPU.Build.0 = Debug|Any CPU
		{28339704-F473-401B-B14E-7B26994FACA6}.Release|Any CPU.ActiveCfg = Release|Any CPU
		{28339704-F473-401B-B14E-7B26994FACA6}.Release|Any CPU.Build.0 = Release|Any CPU
		{72C6B6AC-9B77-4258-ABF7-CA2C8D6C119B}.Debug|Any CPU.ActiveCfg = Debug|Any CPU
		{72C6B6AC-9B77-4258-ABF7-CA2C8D6C119B}.Debug|Any CPU.Build.0 = Debug|Any CPU
		{72C6B6AC-9B77-4258-ABF7-CA2C8D6C119B}.Release|Any CPU.ActiveCfg = Release|Any CPU
		{72C6B6AC-9B77-4258-ABF7-CA2C8D6C119B}.Release|Any CPU.Build.0 = Release|Any CPU
		{BF372FED-DDBF-448D-AC12-F6D5A0BBA9EF}.Debug|Any CPU.ActiveCfg = Debug|Any CPU
		{BF372FED-DDBF-448D-AC12-F6D5A0BBA9EF}.Debug|Any CPU.Build.0 = Debug|Any CPU
		{BF372FED-DDBF-448D-AC12-F6D5A0BBA9EF}.Release|Any CPU.ActiveCfg = Release|Any CPU
		{BF372FED-DDBF-448D-AC12-F6D5A0BBA9EF}.Release|Any CPU.Build.0 = Release|Any CPU
		{81747D78-5DF8-4F32-B9DB-F80136C18B71}.Debug|Any CPU.ActiveCfg = Debug|Any CPU
		{81747D78-5DF8-4F32-B9DB-F80136C18B71}.Debug|Any CPU.Build.0 = Debug|Any CPU
		{81747D78-5DF8-4F32-B9DB-F80136C18B71}.Release|Any CPU.ActiveCfg = Release|Any CPU
		{81747D78-5DF8-4F32-B9DB-F80136C18B71}.Release|Any CPU.Build.0 = Release|Any CPU
		{8992EBC0-C39D-4DF9-AA48-3ADC345EAA1A}.Debug|Any CPU.ActiveCfg = Debug|Any CPU
		{8992EBC0-C39D-4DF9-AA48-3ADC345EAA1A}.Debug|Any CPU.Build.0 = Debug|Any CPU
		{8992EBC0-C39D-4DF9-AA48-3ADC345EAA1A}.Release|Any CPU.ActiveCfg = Release|Any CPU
		{8992EBC0-C39D-4DF9-AA48-3ADC345EAA1A}.Release|Any CPU.Build.0 = Release|Any CPU
		{6A474261-0D66-41BA-B5A8-9C32BAB178E6}.Debug|Any CPU.ActiveCfg = Debug|Any CPU
		{6A474261-0D66-41BA-B5A8-9C32BAB178E6}.Debug|Any CPU.Build.0 = Debug|Any CPU
		{6A474261-0D66-41BA-B5A8-9C32BAB178E6}.Release|Any CPU.ActiveCfg = Release|Any CPU
		{6A474261-0D66-41BA-B5A8-9C32BAB178E6}.Release|Any CPU.Build.0 = Release|Any CPU
		{B14C1F55-03F5-4F5E-93AF-692DFB212BBD}.Debug|Any CPU.ActiveCfg = Debug|Any CPU
		{B14C1F55-03F5-4F5E-93AF-692DFB212BBD}.Debug|Any CPU.Build.0 = Debug|Any CPU
		{B14C1F55-03F5-4F5E-93AF-692DFB212BBD}.Release|Any CPU.ActiveCfg = Release|Any CPU
		{B14C1F55-03F5-4F5E-93AF-692DFB212BBD}.Release|Any CPU.Build.0 = Release|Any CPU
		{9DC6D1A2-ABDB-4527-93E2-2CB5E4AC203A}.Debug|Any CPU.ActiveCfg = Debug|Any CPU
		{9DC6D1A2-ABDB-4527-93E2-2CB5E4AC203A}.Debug|Any CPU.Build.0 = Debug|Any CPU
		{9DC6D1A2-ABDB-4527-93E2-2CB5E4AC203A}.Release|Any CPU.ActiveCfg = Release|Any CPU
		{9DC6D1A2-ABDB-4527-93E2-2CB5E4AC203A}.Release|Any CPU.Build.0 = Release|Any CPU
		{D0477EFA-E9F4-4476-AFB6-75B83360BF6B}.Debug|Any CPU.ActiveCfg = Debug|Any CPU
		{D0477EFA-E9F4-4476-AFB6-75B83360BF6B}.Debug|Any CPU.Build.0 = Debug|Any CPU
		{D0477EFA-E9F4-4476-AFB6-75B83360BF6B}.Release|Any CPU.ActiveCfg = Release|Any CPU
		{D0477EFA-E9F4-4476-AFB6-75B83360BF6B}.Release|Any CPU.Build.0 = Release|Any CPU
		{6B7E8EEF-D204-4670-87EC-CD99CF86E89A}.Debug|Any CPU.ActiveCfg = Debug|Any CPU
		{6B7E8EEF-D204-4670-87EC-CD99CF86E89A}.Debug|Any CPU.Build.0 = Debug|Any CPU
		{6B7E8EEF-D204-4670-87EC-CD99CF86E89A}.Release|Any CPU.ActiveCfg = Release|Any CPU
		{6B7E8EEF-D204-4670-87EC-CD99CF86E89A}.Release|Any CPU.Build.0 = Release|Any CPU
		{49963D5E-E7D1-474E-A00C-4F4F4A1EAE16}.Debug|Any CPU.ActiveCfg = Debug|Any CPU
		{49963D5E-E7D1-474E-A00C-4F4F4A1EAE16}.Debug|Any CPU.Build.0 = Debug|Any CPU
		{49963D5E-E7D1-474E-A00C-4F4F4A1EAE16}.Release|Any CPU.ActiveCfg = Release|Any CPU
		{49963D5E-E7D1-474E-A00C-4F4F4A1EAE16}.Release|Any CPU.Build.0 = Release|Any CPU
		{FF52E5DD-E78D-4052-B1FF-B15F0A4C584B}.Debug|Any CPU.ActiveCfg = Debug|Any CPU
		{FF52E5DD-E78D-4052-B1FF-B15F0A4C584B}.Debug|Any CPU.Build.0 = Debug|Any CPU
		{FF52E5DD-E78D-4052-B1FF-B15F0A4C584B}.Release|Any CPU.ActiveCfg = Release|Any CPU
		{FF52E5DD-E78D-4052-B1FF-B15F0A4C584B}.Release|Any CPU.Build.0 = Release|Any CPU
		{C2A90AAD-EEF9-4B16-8567-5EDF956F83E3}.Debug|Any CPU.ActiveCfg = Debug|Any CPU
		{C2A90AAD-EEF9-4B16-8567-5EDF956F83E3}.Debug|Any CPU.Build.0 = Debug|Any CPU
		{C2A90AAD-EEF9-4B16-8567-5EDF956F83E3}.Release|Any CPU.ActiveCfg = Release|Any CPU
		{C2A90AAD-EEF9-4B16-8567-5EDF956F83E3}.Release|Any CPU.Build.0 = Release|Any CPU
		{90054161-DCD1-49D4-82E5-94EAD1C0E8F3}.Debug|Any CPU.ActiveCfg = Debug|Any CPU
		{90054161-DCD1-49D4-82E5-94EAD1C0E8F3}.Debug|Any CPU.Build.0 = Debug|Any CPU
		{90054161-DCD1-49D4-82E5-94EAD1C0E8F3}.Release|Any CPU.ActiveCfg = Release|Any CPU
		{90054161-DCD1-49D4-82E5-94EAD1C0E8F3}.Release|Any CPU.Build.0 = Release|Any CPU
		{76A39795-A19E-473F-AEE8-599759397625}.Debug|Any CPU.ActiveCfg = Debug|Any CPU
		{76A39795-A19E-473F-AEE8-599759397625}.Debug|Any CPU.Build.0 = Debug|Any CPU
		{76A39795-A19E-473F-AEE8-599759397625}.Release|Any CPU.ActiveCfg = Release|Any CPU
		{76A39795-A19E-473F-AEE8-599759397625}.Release|Any CPU.Build.0 = Release|Any CPU
		{F7160E62-C74E-47EA-BED3-06F2523362FC}.Debug|Any CPU.ActiveCfg = Debug|Any CPU
		{F7160E62-C74E-47EA-BED3-06F2523362FC}.Debug|Any CPU.Build.0 = Debug|Any CPU
		{F7160E62-C74E-47EA-BED3-06F2523362FC}.Release|Any CPU.ActiveCfg = Release|Any CPU
		{F7160E62-C74E-47EA-BED3-06F2523362FC}.Release|Any CPU.Build.0 = Release|Any CPU
		{0A473D0C-3328-42A0-9187-CC5DD1140E7D}.Debug|Any CPU.ActiveCfg = Debug|Any CPU
		{0A473D0C-3328-42A0-9187-CC5DD1140E7D}.Debug|Any CPU.Build.0 = Debug|Any CPU
		{0A473D0C-3328-42A0-9187-CC5DD1140E7D}.Release|Any CPU.ActiveCfg = Release|Any CPU
		{0A473D0C-3328-42A0-9187-CC5DD1140E7D}.Release|Any CPU.Build.0 = Release|Any CPU
		{9865E9B8-C73A-45C5-A949-CA1600118F32}.Debug|Any CPU.ActiveCfg = Debug|Any CPU
		{9865E9B8-C73A-45C5-A949-CA1600118F32}.Debug|Any CPU.Build.0 = Debug|Any CPU
		{9865E9B8-C73A-45C5-A949-CA1600118F32}.Release|Any CPU.ActiveCfg = Release|Any CPU
		{9865E9B8-C73A-45C5-A949-CA1600118F32}.Release|Any CPU.Build.0 = Release|Any CPU
		{3E3ADB19-B6D3-4D6B-83BB-9AA47CC598D5}.Debug|Any CPU.ActiveCfg = Debug|Any CPU
		{3E3ADB19-B6D3-4D6B-83BB-9AA47CC598D5}.Debug|Any CPU.Build.0 = Debug|Any CPU
		{3E3ADB19-B6D3-4D6B-83BB-9AA47CC598D5}.Release|Any CPU.ActiveCfg = Release|Any CPU
		{3E3ADB19-B6D3-4D6B-83BB-9AA47CC598D5}.Release|Any CPU.Build.0 = Release|Any CPU
		{EB595794-F2DB-4647-AB63-7ADA3455BD9A}.Debug|Any CPU.ActiveCfg = Debug|Any CPU
		{EB595794-F2DB-4647-AB63-7ADA3455BD9A}.Debug|Any CPU.Build.0 = Debug|Any CPU
		{EB595794-F2DB-4647-AB63-7ADA3455BD9A}.Release|Any CPU.ActiveCfg = Release|Any CPU
		{EB595794-F2DB-4647-AB63-7ADA3455BD9A}.Release|Any CPU.Build.0 = Release|Any CPU
		{4B601965-44DC-424F-8CD6-D90982A33A19}.Debug|Any CPU.ActiveCfg = Debug|Any CPU
		{4B601965-44DC-424F-8CD6-D90982A33A19}.Debug|Any CPU.Build.0 = Debug|Any CPU
		{4B601965-44DC-424F-8CD6-D90982A33A19}.Release|Any CPU.ActiveCfg = Release|Any CPU
		{4B601965-44DC-424F-8CD6-D90982A33A19}.Release|Any CPU.Build.0 = Release|Any CPU
		{D9B5C8BA-F2F5-471B-9F1D-14E3D77913C3}.Debug|Any CPU.ActiveCfg = Debug|Any CPU
		{D9B5C8BA-F2F5-471B-9F1D-14E3D77913C3}.Debug|Any CPU.Build.0 = Debug|Any CPU
		{D9B5C8BA-F2F5-471B-9F1D-14E3D77913C3}.Release|Any CPU.ActiveCfg = Release|Any CPU
		{D9B5C8BA-F2F5-471B-9F1D-14E3D77913C3}.Release|Any CPU.Build.0 = Release|Any CPU
		{98E62E53-C138-46B1-BF0E-1B98402DACF5}.Debug|Any CPU.ActiveCfg = Debug|Any CPU
		{98E62E53-C138-46B1-BF0E-1B98402DACF5}.Debug|Any CPU.Build.0 = Debug|Any CPU
		{98E62E53-C138-46B1-BF0E-1B98402DACF5}.Release|Any CPU.ActiveCfg = Release|Any CPU
		{98E62E53-C138-46B1-BF0E-1B98402DACF5}.Release|Any CPU.Build.0 = Release|Any CPU
		{B1E2D554-F3A9-4309-9DED-74EAC5D867AE}.Debug|Any CPU.ActiveCfg = Debug|Any CPU
		{B1E2D554-F3A9-4309-9DED-74EAC5D867AE}.Debug|Any CPU.Build.0 = Debug|Any CPU
		{B1E2D554-F3A9-4309-9DED-74EAC5D867AE}.Release|Any CPU.ActiveCfg = Release|Any CPU
		{B1E2D554-F3A9-4309-9DED-74EAC5D867AE}.Release|Any CPU.Build.0 = Release|Any CPU
		{35DE19DC-4F97-4DA5-B738-FEA2F137441F}.Debug|Any CPU.ActiveCfg = Debug|Any CPU
		{35DE19DC-4F97-4DA5-B738-FEA2F137441F}.Debug|Any CPU.Build.0 = Debug|Any CPU
		{35DE19DC-4F97-4DA5-B738-FEA2F137441F}.Release|Any CPU.ActiveCfg = Release|Any CPU
		{35DE19DC-4F97-4DA5-B738-FEA2F137441F}.Release|Any CPU.Build.0 = Release|Any CPU
		{BB9DDE0E-4F39-4C10-93FF-D61C9CCD1361}.Debug|Any CPU.ActiveCfg = Debug|Any CPU
		{BB9DDE0E-4F39-4C10-93FF-D61C9CCD1361}.Debug|Any CPU.Build.0 = Debug|Any CPU
		{BB9DDE0E-4F39-4C10-93FF-D61C9CCD1361}.Release|Any CPU.ActiveCfg = Release|Any CPU
		{BB9DDE0E-4F39-4C10-93FF-D61C9CCD1361}.Release|Any CPU.Build.0 = Release|Any CPU
		{8558FDCE-0ABC-4604-B116-FB963B97D4D4}.Debug|Any CPU.ActiveCfg = Debug|Any CPU
		{8558FDCE-0ABC-4604-B116-FB963B97D4D4}.Debug|Any CPU.Build.0 = Debug|Any CPU
		{8558FDCE-0ABC-4604-B116-FB963B97D4D4}.Release|Any CPU.ActiveCfg = Release|Any CPU
		{8558FDCE-0ABC-4604-B116-FB963B97D4D4}.Release|Any CPU.Build.0 = Release|Any CPU
		{3893D924-99D1-4A57-8B85-62E9F03ACB30}.Debug|Any CPU.ActiveCfg = Debug|Any CPU
		{3893D924-99D1-4A57-8B85-62E9F03ACB30}.Debug|Any CPU.Build.0 = Debug|Any CPU
		{3893D924-99D1-4A57-8B85-62E9F03ACB30}.Release|Any CPU.ActiveCfg = Release|Any CPU
		{3893D924-99D1-4A57-8B85-62E9F03ACB30}.Release|Any CPU.Build.0 = Release|Any CPU
		{5E254D0E-A3E5-4793-93A1-CB8D7A04EF8A}.Debug|Any CPU.ActiveCfg = Debug|Any CPU
		{5E254D0E-A3E5-4793-93A1-CB8D7A04EF8A}.Debug|Any CPU.Build.0 = Debug|Any CPU
		{5E254D0E-A3E5-4793-93A1-CB8D7A04EF8A}.Release|Any CPU.ActiveCfg = Release|Any CPU
		{5E254D0E-A3E5-4793-93A1-CB8D7A04EF8A}.Release|Any CPU.Build.0 = Release|Any CPU
		{3177E9D2-1BB8-478A-A101-2382E10BE210}.Debug|Any CPU.ActiveCfg = Debug|Any CPU
		{3177E9D2-1BB8-478A-A101-2382E10BE210}.Debug|Any CPU.Build.0 = Debug|Any CPU
		{3177E9D2-1BB8-478A-A101-2382E10BE210}.Release|Any CPU.ActiveCfg = Release|Any CPU
		{3177E9D2-1BB8-478A-A101-2382E10BE210}.Release|Any CPU.Build.0 = Release|Any CPU
	EndGlobalSection
	GlobalSection(NestedProjects) = preSolution
		{72C6B6AC-9B77-4258-ABF7-CA2C8D6C119B} = {E62E181F-C6A0-45FD-A219-CFE0A8A33B06}
		{C8BA1076-102D-4EAB-AEAC-AFD9AB4A69BD} = {E62E181F-C6A0-45FD-A219-CFE0A8A33B06}
		{9F1632EF-6920-481E-B12C-B41F42361C5C} = {C8BA1076-102D-4EAB-AEAC-AFD9AB4A69BD}
		{31569E30-2285-4745-8D95-217C2AD508AC} = {C8BA1076-102D-4EAB-AEAC-AFD9AB4A69BD}
		{D7D201D1-8DC3-48F7-8B02-EAA24776BADA} = {C8BA1076-102D-4EAB-AEAC-AFD9AB4A69BD}
		{41D64B2C-63E6-4E50-BE09-773C1CE2A279} = {C8BA1076-102D-4EAB-AEAC-AFD9AB4A69BD}
		{CECC6A39-D05F-46CF-84F3-A5BE64A18415} = {C8BA1076-102D-4EAB-AEAC-AFD9AB4A69BD}
		{28339704-F473-401B-B14E-7B26994FACA6} = {C8BA1076-102D-4EAB-AEAC-AFD9AB4A69BD}
		{3CE89BDD-6CDA-4D45-959E-33AEA4DADC3C} = {C8BA1076-102D-4EAB-AEAC-AFD9AB4A69BD}
		{81747D78-5DF8-4F32-B9DB-F80136C18B71} = {C8BA1076-102D-4EAB-AEAC-AFD9AB4A69BD}
		{8992EBC0-C39D-4DF9-AA48-3ADC345EAA1A} = {C8BA1076-102D-4EAB-AEAC-AFD9AB4A69BD}
		{B14C1F55-03F5-4F5E-93AF-692DFB212BBD} = {C8BA1076-102D-4EAB-AEAC-AFD9AB4A69BD}
		{D0477EFA-E9F4-4476-AFB6-75B83360BF6B} = {C8BA1076-102D-4EAB-AEAC-AFD9AB4A69BD}
		{49963D5E-E7D1-474E-A00C-4F4F4A1EAE16} = {C8BA1076-102D-4EAB-AEAC-AFD9AB4A69BD}
		{FF52E5DD-E78D-4052-B1FF-B15F0A4C584B} = {C8BA1076-102D-4EAB-AEAC-AFD9AB4A69BD}
		{C2A90AAD-EEF9-4B16-8567-5EDF956F83E3} = {C8BA1076-102D-4EAB-AEAC-AFD9AB4A69BD}
		{76A39795-A19E-473F-AEE8-599759397625} = {C8BA1076-102D-4EAB-AEAC-AFD9AB4A69BD}
		{0A473D0C-3328-42A0-9187-CC5DD1140E7D} = {C8BA1076-102D-4EAB-AEAC-AFD9AB4A69BD}
		{3E3ADB19-B6D3-4D6B-83BB-9AA47CC598D5} = {C8BA1076-102D-4EAB-AEAC-AFD9AB4A69BD}
		{EB595794-F2DB-4647-AB63-7ADA3455BD9A} = {C8BA1076-102D-4EAB-AEAC-AFD9AB4A69BD}
		{D9B5C8BA-F2F5-471B-9F1D-14E3D77913C3} = {C8BA1076-102D-4EAB-AEAC-AFD9AB4A69BD}
		{98E62E53-C138-46B1-BF0E-1B98402DACF5} = {C8BA1076-102D-4EAB-AEAC-AFD9AB4A69BD}
		{8558FDCE-0ABC-4604-B116-FB963B97D4D4} = {C8BA1076-102D-4EAB-AEAC-AFD9AB4A69BD}
		{35DE19DC-4F97-4DA5-B738-FEA2F137441F} = {C8BA1076-102D-4EAB-AEAC-AFD9AB4A69BD}
		{BB9DDE0E-4F39-4C10-93FF-D61C9CCD1361} = {C8BA1076-102D-4EAB-AEAC-AFD9AB4A69BD}
		{3893D924-99D1-4A57-8B85-62E9F03ACB30} = {C8BA1076-102D-4EAB-AEAC-AFD9AB4A69BD}
		{A241038F-0A94-4E2E-9AD9-B168C3B251A0} = {8EC8ACC7-C3F6-4AD3-ABBD-5346B2CE6FD0}
		{BF372FED-DDBF-448D-AC12-F6D5A0BBA9EF} = {A241038F-0A94-4E2E-9AD9-B168C3B251A0}
		{6A474261-0D66-41BA-B5A8-9C32BAB178E6} = {A241038F-0A94-4E2E-9AD9-B168C3B251A0}
		{9DC6D1A2-ABDB-4527-93E2-2CB5E4AC203A} = {A241038F-0A94-4E2E-9AD9-B168C3B251A0}
		{6B7E8EEF-D204-4670-87EC-CD99CF86E89A} = {A241038F-0A94-4E2E-9AD9-B168C3B251A0}
		{90054161-DCD1-49D4-82E5-94EAD1C0E8F3} = {A241038F-0A94-4E2E-9AD9-B168C3B251A0}
		{F7160E62-C74E-47EA-BED3-06F2523362FC} = {A241038F-0A94-4E2E-9AD9-B168C3B251A0}
		{9865E9B8-C73A-45C5-A949-CA1600118F32} = {A241038F-0A94-4E2E-9AD9-B168C3B251A0}
		{4B601965-44DC-424F-8CD6-D90982A33A19} = {A241038F-0A94-4E2E-9AD9-B168C3B251A0}
		{B1E2D554-F3A9-4309-9DED-74EAC5D867AE} = {A241038F-0A94-4E2E-9AD9-B168C3B251A0}
		{509886DE-C411-4B94-A7FD-FB467F523098} = {E62E181F-C6A0-45FD-A219-CFE0A8A33B06}
		{5E254D0E-A3E5-4793-93A1-CB8D7A04EF8A} = {509886DE-C411-4B94-A7FD-FB467F523098}
		{3177E9D2-1BB8-478A-A101-2382E10BE210} = {509886DE-C411-4B94-A7FD-FB467F523098}
	EndGlobalSection
EndGlobal
